
Microsoft Visual Studio Solution File, Format Version 12.00
Project("{FAE04EC0-301F-11D3-BF4B-00C04F79EFBC}") = "Notescrib.Identity", "src\Identity\Notescrib.Identity\Notescrib.Identity.csproj", "{3D2B00DD-675F-4808-B7FD-F9E1FBDEA43D}"
EndProject
Project("{FAE04EC0-301F-11D3-BF4B-00C04F79EFBC}") = "Notescrib.Notes", "src\Notes\Notescrib.Notes\Notescrib.Notes.csproj", "{FAC7FEB8-AF48-42EB-AB1F-3137E584FF65}"
EndProject
Project("{FAE04EC0-301F-11D3-BF4B-00C04F79EFBC}") = "Notescrib.Notes.Api", "src\Notes\Notescrib.Notes.Api\Notescrib.Notes.Api.csproj", "{F7694EA6-FAF7-4341-878C-E3E88825CFAC}"
EndProject
Project("{FAE04EC0-301F-11D3-BF4B-00C04F79EFBC}") = "Notescrib.Identity.Api", "src\Identity\Notescrib.Identity.Api\Notescrib.Identity.Api.csproj", "{67D19CD3-A999-4F38-AD2C-A746D54AFAC0}"
EndProject
Project("{FAE04EC0-301F-11D3-BF4B-00C04F79EFBC}") = "Notescrib.Core.Api", "src\Notescrib.Core.Api\Notescrib.Core.Api.csproj", "{EA2379BA-4331-4559-97F4-DC4996FB7DFE}"
EndProject
Project("{FAE04EC0-301F-11D3-BF4B-00C04F79EFBC}") = "Notescrib.Core", "src\Notescrib.Core\Notescrib.Core.csproj", "{384BA102-B547-47E1-85DA-BF7EB8529AA0}"
EndProject
Project("{2150E333-8FDC-42A3-9474-1A3956D46DE8}") = "Identity", "Identity", "{369B9FBE-A86B-4733-838E-B70D6206F25A}"
EndProject
Project("{2150E333-8FDC-42A3-9474-1A3956D46DE8}") = "Notes", "Notes", "{1E4E36F9-B745-43FE-A6B8-6AFE09059BBA}"
EndProject
Project("{2150E333-8FDC-42A3-9474-1A3956D46DE8}") = "Core", "Core", "{9A76BB36-CB0B-49B9-B231-9AE1BD698602}"
EndProject
Global
	GlobalSection(SolutionConfigurationPlatforms) = preSolution
		Debug|Any CPU = Debug|Any CPU
		Release|Any CPU = Release|Any CPU
	EndGlobalSection
	GlobalSection(ProjectConfigurationPlatforms) = postSolution
		{3D2B00DD-675F-4808-B7FD-F9E1FBDEA43D}.Debug|Any CPU.ActiveCfg = Debug|Any CPU
		{3D2B00DD-675F-4808-B7FD-F9E1FBDEA43D}.Debug|Any CPU.Build.0 = Debug|Any CPU
		{3D2B00DD-675F-4808-B7FD-F9E1FBDEA43D}.Release|Any CPU.ActiveCfg = Release|Any CPU
		{3D2B00DD-675F-4808-B7FD-F9E1FBDEA43D}.Release|Any CPU.Build.0 = Release|Any CPU
		{FAC7FEB8-AF48-42EB-AB1F-3137E584FF65}.Debug|Any CPU.ActiveCfg = Debug|Any CPU
		{FAC7FEB8-AF48-42EB-AB1F-3137E584FF65}.Debug|Any CPU.Build.0 = Debug|Any CPU
		{FAC7FEB8-AF48-42EB-AB1F-3137E584FF65}.Release|Any CPU.ActiveCfg = Release|Any CPU
		{FAC7FEB8-AF48-42EB-AB1F-3137E584FF65}.Release|Any CPU.Build.0 = Release|Any CPU
		{F7694EA6-FAF7-4341-878C-E3E88825CFAC}.Debug|Any CPU.ActiveCfg = Debug|Any CPU
		{F7694EA6-FAF7-4341-878C-E3E88825CFAC}.Debug|Any CPU.Build.0 = Debug|Any CPU
		{F7694EA6-FAF7-4341-878C-E3E88825CFAC}.Release|Any CPU.ActiveCfg = Release|Any CPU
		{F7694EA6-FAF7-4341-878C-E3E88825CFAC}.Release|Any CPU.Build.0 = Release|Any CPU
		{67D19CD3-A999-4F38-AD2C-A746D54AFAC0}.Debug|Any CPU.ActiveCfg = Debug|Any CPU
		{67D19CD3-A999-4F38-AD2C-A746D54AFAC0}.Debug|Any CPU.Build.0 = Debug|Any CPU
		{67D19CD3-A999-4F38-AD2C-A746D54AFAC0}.Release|Any CPU.ActiveCfg = Release|Any CPU
		{67D19CD3-A999-4F38-AD2C-A746D54AFAC0}.Release|Any CPU.Build.0 = Release|Any CPU
		{EA2379BA-4331-4559-97F4-DC4996FB7DFE}.Debug|Any CPU.ActiveCfg = Debug|Any CPU
		{EA2379BA-4331-4559-97F4-DC4996FB7DFE}.Debug|Any CPU.Build.0 = Debug|Any CPU
		{EA2379BA-4331-4559-97F4-DC4996FB7DFE}.Release|Any CPU.ActiveCfg = Release|Any CPU
		{EA2379BA-4331-4559-97F4-DC4996FB7DFE}.Release|Any CPU.Build.0 = Release|Any CPU
		{384BA102-B547-47E1-85DA-BF7EB8529AA0}.Debug|Any CPU.ActiveCfg = Debug|Any CPU
		{384BA102-B547-47E1-85DA-BF7EB8529AA0}.Debug|Any CPU.Build.0 = Debug|Any CPU
		{384BA102-B547-47E1-85DA-BF7EB8529AA0}.Release|Any CPU.ActiveCfg = Release|Any CPU
		{384BA102-B547-47E1-85DA-BF7EB8529AA0}.Release|Any CPU.Build.0 = Release|Any CPU
	EndGlobalSection
	GlobalSection(NestedProjects) = preSolution
		{3D2B00DD-675F-4808-B7FD-F9E1FBDEA43D} = {369B9FBE-A86B-4733-838E-B70D6206F25A}
		{67D19CD3-A999-4F38-AD2C-A746D54AFAC0} = {369B9FBE-A86B-4733-838E-B70D6206F25A}
		{FAC7FEB8-AF48-42EB-AB1F-3137E584FF65} = {1E4E36F9-B745-43FE-A6B8-6AFE09059BBA}
		{F7694EA6-FAF7-4341-878C-E3E88825CFAC} = {1E4E36F9-B745-43FE-A6B8-6AFE09059BBA}
		{384BA102-B547-47E1-85DA-BF7EB8529AA0} = {9A76BB36-CB0B-49B9-B231-9AE1BD698602}
		{EA2379BA-4331-4559-97F4-DC4996FB7DFE} = {9A76BB36-CB0B-49B9-B231-9AE1BD698602}
	EndGlobalSection
EndGlobal
