
Microsoft Visual Studio Solution File, Format Version 12.00
Project("{2150E333-8FDC-42A3-9474-1A3956D46DE8}") = "Core", "Core", "{0AD78AAF-D6EA-4DCA-A496-9D3224CF573C}"
EndProject
Project("{FAE04EC0-301F-11D3-BF4B-00C04F79EFBC}") = "Notescrib.Core", "src\Core\Notescrib.Core\Notescrib.Core.csproj", "{C9E3ECEC-8A83-4E82-A581-0A1096A83C17}"
EndProject
Project("{FAE04EC0-301F-11D3-BF4B-00C04F79EFBC}") = "Notescrib.Core.Api", "src\Core\Notescrib.Core.Api\Notescrib.Core.Api.csproj", "{48447F8A-C8A5-45FE-9E05-A7D0C628EC7D}"
EndProject
Project("{2150E333-8FDC-42A3-9474-1A3956D46DE8}") = "Identity", "Identity", "{295FCBA8-DF99-4B35-861C-A282D0A45E90}"
EndProject
Project("{FAE04EC0-301F-11D3-BF4B-00C04F79EFBC}") = "Notescrib.Identity", "src\Services\Identity\Notescrib.Identity\Notescrib.Identity.csproj", "{6AE7C36A-BFC4-43FB-96C6-1FFE7C48AA82}"
EndProject
Project("{FAE04EC0-301F-11D3-BF4B-00C04F79EFBC}") = "Notescrib.Identity.Api", "src\Services\Identity\Notescrib.Identity.Api\Notescrib.Identity.Api.csproj", "{79166109-E925-464B-9B92-9F2CC0E8913B}"
EndProject
Project("{2150E333-8FDC-42A3-9474-1A3956D46DE8}") = "Notes", "Notes", "{ABC1BDE2-E992-4D84-ACE1-AA595DBA6C43}"
EndProject
Project("{FAE04EC0-301F-11D3-BF4B-00C04F79EFBC}") = "Notescrib.Notes", "src\Services\Notes\Notescrib.Notes\Notescrib.Notes.csproj", "{B37B48F2-1A90-4D6F-A7FB-801675988C02}"
EndProject
Project("{FAE04EC0-301F-11D3-BF4B-00C04F79EFBC}") = "Notescrib.Notes.Api", "src\Services\Notes\Notescrib.Notes.Api\Notescrib.Notes.Api.csproj", "{CFB0264F-D3A0-42A6-846A-FCE44E0F142E}"
EndProject
Project("{FAE04EC0-301F-11D3-BF4B-00C04F79EFBC}") = "Notescrib.ApiGateway", "src\Notescrib.ApiGateway\Notescrib.ApiGateway.csproj", "{8D29354E-8ABF-488C-A094-98BF67D0570C}"
EndProject
Project("{FAE04EC0-301F-11D3-BF4B-00C04F79EFBC}") = "Notescrib.Notes.Tests", "src\Services\Notes\Notescrib.Notes.Tests\Notescrib.Notes.Tests.csproj", "{7941A0E9-FD84-44F5-80B4-2DDBD174CC11}"
EndProject
Global
	GlobalSection(SolutionConfigurationPlatforms) = preSolution
		Debug|Any CPU = Debug|Any CPU
		Release|Any CPU = Release|Any CPU
	EndGlobalSection
	GlobalSection(ProjectConfigurationPlatforms) = postSolution
		{C9E3ECEC-8A83-4E82-A581-0A1096A83C17}.Debug|Any CPU.ActiveCfg = Debug|Any CPU
		{C9E3ECEC-8A83-4E82-A581-0A1096A83C17}.Debug|Any CPU.Build.0 = Debug|Any CPU
		{C9E3ECEC-8A83-4E82-A581-0A1096A83C17}.Release|Any CPU.ActiveCfg = Release|Any CPU
		{C9E3ECEC-8A83-4E82-A581-0A1096A83C17}.Release|Any CPU.Build.0 = Release|Any CPU
		{48447F8A-C8A5-45FE-9E05-A7D0C628EC7D}.Debug|Any CPU.ActiveCfg = Debug|Any CPU
		{48447F8A-C8A5-45FE-9E05-A7D0C628EC7D}.Debug|Any CPU.Build.0 = Debug|Any CPU
		{48447F8A-C8A5-45FE-9E05-A7D0C628EC7D}.Release|Any CPU.ActiveCfg = Release|Any CPU
		{48447F8A-C8A5-45FE-9E05-A7D0C628EC7D}.Release|Any CPU.Build.0 = Release|Any CPU
		{6AE7C36A-BFC4-43FB-96C6-1FFE7C48AA82}.Debug|Any CPU.ActiveCfg = Debug|Any CPU
		{6AE7C36A-BFC4-43FB-96C6-1FFE7C48AA82}.Debug|Any CPU.Build.0 = Debug|Any CPU
		{6AE7C36A-BFC4-43FB-96C6-1FFE7C48AA82}.Release|Any CPU.ActiveCfg = Release|Any CPU
		{6AE7C36A-BFC4-43FB-96C6-1FFE7C48AA82}.Release|Any CPU.Build.0 = Release|Any CPU
		{79166109-E925-464B-9B92-9F2CC0E8913B}.Debug|Any CPU.ActiveCfg = Debug|Any CPU
		{79166109-E925-464B-9B92-9F2CC0E8913B}.Debug|Any CPU.Build.0 = Debug|Any CPU
		{79166109-E925-464B-9B92-9F2CC0E8913B}.Release|Any CPU.ActiveCfg = Release|Any CPU
		{79166109-E925-464B-9B92-9F2CC0E8913B}.Release|Any CPU.Build.0 = Release|Any CPU
		{B37B48F2-1A90-4D6F-A7FB-801675988C02}.Debug|Any CPU.ActiveCfg = Debug|Any CPU
		{B37B48F2-1A90-4D6F-A7FB-801675988C02}.Debug|Any CPU.Build.0 = Debug|Any CPU
		{B37B48F2-1A90-4D6F-A7FB-801675988C02}.Release|Any CPU.ActiveCfg = Release|Any CPU
		{B37B48F2-1A90-4D6F-A7FB-801675988C02}.Release|Any CPU.Build.0 = Release|Any CPU
		{CFB0264F-D3A0-42A6-846A-FCE44E0F142E}.Debug|Any CPU.ActiveCfg = Debug|Any CPU
		{CFB0264F-D3A0-42A6-846A-FCE44E0F142E}.Debug|Any CPU.Build.0 = Debug|Any CPU
		{CFB0264F-D3A0-42A6-846A-FCE44E0F142E}.Release|Any CPU.ActiveCfg = Release|Any CPU
		{CFB0264F-D3A0-42A6-846A-FCE44E0F142E}.Release|Any CPU.Build.0 = Release|Any CPU
		{8D29354E-8ABF-488C-A094-98BF67D0570C}.Debug|Any CPU.ActiveCfg = Debug|Any CPU
		{8D29354E-8ABF-488C-A094-98BF67D0570C}.Debug|Any CPU.Build.0 = Debug|Any CPU
		{8D29354E-8ABF-488C-A094-98BF67D0570C}.Release|Any CPU.ActiveCfg = Release|Any CPU
		{8D29354E-8ABF-488C-A094-98BF67D0570C}.Release|Any CPU.Build.0 = Release|Any CPU
		{7941A0E9-FD84-44F5-80B4-2DDBD174CC11}.Debug|Any CPU.ActiveCfg = Debug|Any CPU
		{7941A0E9-FD84-44F5-80B4-2DDBD174CC11}.Debug|Any CPU.Build.0 = Debug|Any CPU
		{7941A0E9-FD84-44F5-80B4-2DDBD174CC11}.Release|Any CPU.ActiveCfg = Release|Any CPU
		{7941A0E9-FD84-44F5-80B4-2DDBD174CC11}.Release|Any CPU.Build.0 = Release|Any CPU
	EndGlobalSection
	GlobalSection(NestedProjects) = preSolution
		{C9E3ECEC-8A83-4E82-A581-0A1096A83C17} = {0AD78AAF-D6EA-4DCA-A496-9D3224CF573C}
		{48447F8A-C8A5-45FE-9E05-A7D0C628EC7D} = {0AD78AAF-D6EA-4DCA-A496-9D3224CF573C}
		{6AE7C36A-BFC4-43FB-96C6-1FFE7C48AA82} = {295FCBA8-DF99-4B35-861C-A282D0A45E90}
		{79166109-E925-464B-9B92-9F2CC0E8913B} = {295FCBA8-DF99-4B35-861C-A282D0A45E90}
		{B37B48F2-1A90-4D6F-A7FB-801675988C02} = {ABC1BDE2-E992-4D84-ACE1-AA595DBA6C43}
		{CFB0264F-D3A0-42A6-846A-FCE44E0F142E} = {ABC1BDE2-E992-4D84-ACE1-AA595DBA6C43}
		{7941A0E9-FD84-44F5-80B4-2DDBD174CC11} = {ABC1BDE2-E992-4D84-ACE1-AA595DBA6C43}
	EndGlobalSection
EndGlobal
