
Microsoft Visual Studio Solution File, Format Version 12.00
# Visual Studio Version 17
VisualStudioVersion = 17.3.32825.248
MinimumVisualStudioVersion = 10.0.40219.1
Project("{9A19103F-16F7-4668-BE54-9A1E7A4F7556}") = "Notescrib.Api.Core", "Notescrib.Api.Core\Notescrib.Api.Core.csproj", "{CC84CF7D-2E27-4487-8778-F046C4679F91}"
EndProject
Project("{2150E333-8FDC-42A3-9474-1A3956D46DE8}") = "Solution Items", "Solution Items", "{46BFDCDA-79D5-4E82-9E9B-DB63D227D97E}"
	ProjectSection(SolutionItems) = preProject
		.editorconfig = .editorconfig
	EndProjectSection
EndProject
Project("{9A19103F-16F7-4668-BE54-9A1E7A4F7556}") = "Notescrib.Api.Infrastructure", "Notescrib.Api.Infrastructure\Notescrib.Api.Infrastructure.csproj", "{3C82A478-4BC2-4B91-92F9-E4A1BEF2CD71}"
EndProject
Project("{9A19103F-16F7-4668-BE54-9A1E7A4F7556}") = "Notescrib.Api.Application", "Notescrib.Api.Application\Notescrib.Api.Application.csproj", "{4ED8A6ED-3AA0-4E8B-9AD3-A83E67E9BDA6}"
EndProject
Project("{9A19103F-16F7-4668-BE54-9A1E7A4F7556}") = "Notescrib.Api", "Notescrib.Api\Notescrib.Api.csproj", "{CB458847-50A2-4C2F-8D87-9534A9EC181D}"
EndProject
Project("{2150E333-8FDC-42A3-9474-1A3956D46DE8}") = "Tests", "Tests", "{FE08D0DA-02CA-4819-841B-D8812CBF9B4F}"
EndProject
Project("{9A19103F-16F7-4668-BE54-9A1E7A4F7556}") = "Notescrib.Api.Application.Tests", "Notescrib.Api.Application.Tests\Notescrib.Api.Application.Tests.csproj", "{D0AB3CB4-32F3-4166-927B-E3C7F962B4FB}"
EndProject
Global
	GlobalSection(SolutionConfigurationPlatforms) = preSolution
		Debug|Any CPU = Debug|Any CPU
		Release|Any CPU = Release|Any CPU
	EndGlobalSection
	GlobalSection(ProjectConfigurationPlatforms) = postSolution
		{CC84CF7D-2E27-4487-8778-F046C4679F91}.Debug|Any CPU.ActiveCfg = Debug|Any CPU
		{CC84CF7D-2E27-4487-8778-F046C4679F91}.Debug|Any CPU.Build.0 = Debug|Any CPU
		{CC84CF7D-2E27-4487-8778-F046C4679F91}.Release|Any CPU.ActiveCfg = Release|Any CPU
		{CC84CF7D-2E27-4487-8778-F046C4679F91}.Release|Any CPU.Build.0 = Release|Any CPU
		{3C82A478-4BC2-4B91-92F9-E4A1BEF2CD71}.Debug|Any CPU.ActiveCfg = Debug|Any CPU
		{3C82A478-4BC2-4B91-92F9-E4A1BEF2CD71}.Debug|Any CPU.Build.0 = Debug|Any CPU
		{3C82A478-4BC2-4B91-92F9-E4A1BEF2CD71}.Release|Any CPU.ActiveCfg = Release|Any CPU
		{3C82A478-4BC2-4B91-92F9-E4A1BEF2CD71}.Release|Any CPU.Build.0 = Release|Any CPU
		{4ED8A6ED-3AA0-4E8B-9AD3-A83E67E9BDA6}.Debug|Any CPU.ActiveCfg = Debug|Any CPU
		{4ED8A6ED-3AA0-4E8B-9AD3-A83E67E9BDA6}.Debug|Any CPU.Build.0 = Debug|Any CPU
		{4ED8A6ED-3AA0-4E8B-9AD3-A83E67E9BDA6}.Release|Any CPU.ActiveCfg = Release|Any CPU
		{4ED8A6ED-3AA0-4E8B-9AD3-A83E67E9BDA6}.Release|Any CPU.Build.0 = Release|Any CPU
		{CB458847-50A2-4C2F-8D87-9534A9EC181D}.Debug|Any CPU.ActiveCfg = Debug|Any CPU
		{CB458847-50A2-4C2F-8D87-9534A9EC181D}.Debug|Any CPU.Build.0 = Debug|Any CPU
		{CB458847-50A2-4C2F-8D87-9534A9EC181D}.Release|Any CPU.ActiveCfg = Release|Any CPU
		{CB458847-50A2-4C2F-8D87-9534A9EC181D}.Release|Any CPU.Build.0 = Release|Any CPU
		{D0AB3CB4-32F3-4166-927B-E3C7F962B4FB}.Debug|Any CPU.ActiveCfg = Debug|Any CPU
		{D0AB3CB4-32F3-4166-927B-E3C7F962B4FB}.Debug|Any CPU.Build.0 = Debug|Any CPU
		{D0AB3CB4-32F3-4166-927B-E3C7F962B4FB}.Release|Any CPU.ActiveCfg = Release|Any CPU
		{D0AB3CB4-32F3-4166-927B-E3C7F962B4FB}.Release|Any CPU.Build.0 = Release|Any CPU
	EndGlobalSection
	GlobalSection(SolutionProperties) = preSolution
		HideSolutionNode = FALSE
	EndGlobalSection
	GlobalSection(NestedProjects) = preSolution
		{D0AB3CB4-32F3-4166-927B-E3C7F962B4FB} = {FE08D0DA-02CA-4819-841B-D8812CBF9B4F}
	EndGlobalSection
	GlobalSection(ExtensibilityGlobals) = postSolution
		SolutionGuid = {AE00ABC9-B265-48A7-87E5-812A81F49ECE}
	EndGlobalSection
EndGlobal
